
Microsoft Visual Studio Solution File, Format Version 12.00
# Visual Studio Version 17
VisualStudioVersion = 17.0.32126.317
MinimumVisualStudioVersion = 10.0.40219.1
Project("{FAE04EC0-301F-11D3-BF4B-00C04F79EFBC}") = "KorshunovN32", "KorshunovN32\KorshunovN32.csproj", "{0DB862DD-325C-4368-9962-9D06603CB457}"
EndProject
Global
	GlobalSection(SolutionConfigurationPlatforms) = preSolution
		Debug|Any CPU = Debug|Any CPU
		Release|Any CPU = Release|Any CPU
	EndGlobalSection
	GlobalSection(ProjectConfigurationPlatforms) = postSolution
		{0DB862DD-325C-4368-9962-9D06603CB457}.Debug|Any CPU.ActiveCfg = Debug|Any CPU
		{0DB862DD-325C-4368-9962-9D06603CB457}.Debug|Any CPU.Build.0 = Debug|Any CPU
		{0DB862DD-325C-4368-9962-9D06603CB457}.Release|Any CPU.ActiveCfg = Release|Any CPU
		{0DB862DD-325C-4368-9962-9D06603CB457}.Release|Any CPU.Build.0 = Release|Any CPU
	EndGlobalSection
	GlobalSection(SolutionProperties) = preSolution
		HideSolutionNode = FALSE
	EndGlobalSection
	GlobalSection(ExtensibilityGlobals) = postSolution
		SolutionGuid = {4AC387BF-A109-4762-B6D4-30E6A6EB7AD2}
	EndGlobalSection
EndGlobal
